
Microsoft Visual Studio Solution File, Format Version 12.00
# Visual Studio Version 17
VisualStudioVersion = 17.0.31903.59
MinimumVisualStudioVersion = 10.0.40219.1
Project("{9A19103F-16F7-4668-BE54-9A1E7A4F7556}") = "CarWorkshop.MVC", "CarWorkshop.MVC\CarWorkshop.MVC.csproj", "{0C367E25-9F55-4270-A7FB-D831FCEC39D3}"
EndProject
Project("{FAE04EC0-301F-11D3-BF4B-00C04F79EFBC}") = "CarWorkshop.Domain", "CarWorkshop.Domain\CarWorkshop.Domain.csproj", "{2622927E-17EF-46A6-B87B-5E83CF35EABB}"
EndProject
Project("{FAE04EC0-301F-11D3-BF4B-00C04F79EFBC}") = "CarWorkshop.Application", "CarWorkshop.Application\CarWorkshop.Application.csproj", "{79A10049-3A11-4508-8FD7-8BB713DCB9E5}"
EndProject
Project("{FAE04EC0-301F-11D3-BF4B-00C04F79EFBC}") = "CarWorkshop.Infrastructure", "CarWorksgop.Infrastructure\CarWorkshop.Infrastructure.csproj", "{7DA8E8A5-924C-4809-81DB-B74AC06FDD78}"
EndProject
Global
	GlobalSection(SolutionConfigurationPlatforms) = preSolution
		Debug|Any CPU = Debug|Any CPU
		Release|Any CPU = Release|Any CPU
	EndGlobalSection
	GlobalSection(ProjectConfigurationPlatforms) = postSolution
		{0C367E25-9F55-4270-A7FB-D831FCEC39D3}.Debug|Any CPU.ActiveCfg = Debug|Any CPU
		{0C367E25-9F55-4270-A7FB-D831FCEC39D3}.Debug|Any CPU.Build.0 = Debug|Any CPU
		{0C367E25-9F55-4270-A7FB-D831FCEC39D3}.Release|Any CPU.ActiveCfg = Release|Any CPU
		{0C367E25-9F55-4270-A7FB-D831FCEC39D3}.Release|Any CPU.Build.0 = Release|Any CPU
		{2622927E-17EF-46A6-B87B-5E83CF35EABB}.Debug|Any CPU.ActiveCfg = Debug|Any CPU
		{2622927E-17EF-46A6-B87B-5E83CF35EABB}.Debug|Any CPU.Build.0 = Debug|Any CPU
		{2622927E-17EF-46A6-B87B-5E83CF35EABB}.Release|Any CPU.ActiveCfg = Release|Any CPU
		{2622927E-17EF-46A6-B87B-5E83CF35EABB}.Release|Any CPU.Build.0 = Release|Any CPU
		{79A10049-3A11-4508-8FD7-8BB713DCB9E5}.Debug|Any CPU.ActiveCfg = Debug|Any CPU
		{79A10049-3A11-4508-8FD7-8BB713DCB9E5}.Debug|Any CPU.Build.0 = Debug|Any CPU
		{79A10049-3A11-4508-8FD7-8BB713DCB9E5}.Release|Any CPU.ActiveCfg = Release|Any CPU
		{79A10049-3A11-4508-8FD7-8BB713DCB9E5}.Release|Any CPU.Build.0 = Release|Any CPU
		{7DA8E8A5-924C-4809-81DB-B74AC06FDD78}.Debug|Any CPU.ActiveCfg = Debug|Any CPU
		{7DA8E8A5-924C-4809-81DB-B74AC06FDD78}.Debug|Any CPU.Build.0 = Debug|Any CPU
		{7DA8E8A5-924C-4809-81DB-B74AC06FDD78}.Release|Any CPU.ActiveCfg = Release|Any CPU
		{7DA8E8A5-924C-4809-81DB-B74AC06FDD78}.Release|Any CPU.Build.0 = Release|Any CPU
	EndGlobalSection
	GlobalSection(SolutionProperties) = preSolution
		HideSolutionNode = FALSE
	EndGlobalSection
	GlobalSection(ExtensibilityGlobals) = postSolution
		SolutionGuid = {DA974637-F775-4FF1-8C74-E4F57F3EBBB6}
	EndGlobalSection
EndGlobal
